// !$*UTF8*$!
{
	archiveVersion = 1;
	classes = {
	};
	objectVersion = 56;
	objects = {

/* Begin PBXBuildFile section */
		442F5B172A6ED4870089E298 /* Poi.m in Sources */ = {isa = PBXBuildFile; fileRef = 442F5B162A6ED4870089E298 /* Poi.m */; };
		4453F44C2A6D26150066FAEA /* AppDelegate.m in Sources */ = {isa = PBXBuildFile; fileRef = 4453F44B2A6D26150066FAEA /* AppDelegate.m */; };
		4453F44F2A6D26150066FAEA /* SceneDelegate.m in Sources */ = {isa = PBXBuildFile; fileRef = 4453F44E2A6D26150066FAEA /* SceneDelegate.m */; };
		4453F4522A6D26150066FAEA /* ViewController.m in Sources */ = {isa = PBXBuildFile; fileRef = 4453F4512A6D26150066FAEA /* ViewController.m */; };
		4453F4552A6D26150066FAEA /* Main.storyboard in Resources */ = {isa = PBXBuildFile; fileRef = 4453F4532A6D26150066FAEA /* Main.storyboard */; };
		4453F4572A6D26170066FAEA /* Assets.xcassets in Resources */ = {isa = PBXBuildFile; fileRef = 4453F4562A6D26170066FAEA /* Assets.xcassets */; };
		4453F45A2A6D26170066FAEA /* LaunchScreen.storyboard in Resources */ = {isa = PBXBuildFile; fileRef = 4453F4582A6D26170066FAEA /* LaunchScreen.storyboard */; };
		4453F45D2A6D26170066FAEA /* main.m in Sources */ = {isa = PBXBuildFile; fileRef = 4453F45C2A6D26170066FAEA /* main.m */; };
		4453F4652A6D27000066FAEA /* CoreLocation.framework in Frameworks */ = {isa = PBXBuildFile; fileRef = 4453F4642A6D27000066FAEA /* CoreLocation.framework */; settings = {ATTRIBUTES = (Required, ); }; };
		445547072A8CF3F9001BCCC8 /* TextFieldTableViewCell.m in Sources */ = {isa = PBXBuildFile; fileRef = 445547052A8CF3F9001BCCC8 /* TextFieldTableViewCell.m */; };
		445547082A8CF3F9001BCCC8 /* TextFieldTableViewCell.xib in Resources */ = {isa = PBXBuildFile; fileRef = 445547062A8CF3F9001BCCC8 /* TextFieldTableViewCell.xib */; };
		4455471B2A8D5677001BCCC8 /* CoreDataManager.m in Sources */ = {isa = PBXBuildFile; fileRef = 4455471A2A8D5677001BCCC8 /* CoreDataManager.m */; };
		4455471E2A8D5E93001BCCC8 /* PlaceCoreDataModel.xcdatamodeld in Resources */ = {isa = PBXBuildFile; fileRef = 44CFEE062A89614E00668998 /* PlaceCoreDataModel.xcdatamodeld */; };
		445547232A8E996C001BCCC8 /* HomePageViewController.m in Sources */ = {isa = PBXBuildFile; fileRef = 445547222A8E996C001BCCC8 /* HomePageViewController.m */; };
		445547372A8FF632001BCCC8 /* PlaceMO+CoreDataClass.m in Sources */ = {isa = PBXBuildFile; fileRef = 445547352A8FF632001BCCC8 /* PlaceMO+CoreDataClass.m */; };
		445547382A8FF632001BCCC8 /* PlaceMO+CoreDataProperties.m in Sources */ = {isa = PBXBuildFile; fileRef = 445547362A8FF632001BCCC8 /* PlaceMO+CoreDataProperties.m */; };
		4455473B2A900022001BCCC8 /* MapAnnotation.m in Sources */ = {isa = PBXBuildFile; fileRef = 4455473A2A900022001BCCC8 /* MapAnnotation.m */; };
		44965E412A8BE8D90023146C /* AddNewPlaceTableViewController.m in Sources */ = {isa = PBXBuildFile; fileRef = 44965E402A8BE8D90023146C /* AddNewPlaceTableViewController.m */; };
		44977CD22A74040A006E1034 /* PlaceDetailsViewController.m in Sources */ = {isa = PBXBuildFile; fileRef = 44977CD12A74040A006E1034 /* PlaceDetailsViewController.m */; };
		44977CD82A741220006E1034 /* MapViewController.m in Sources */ = {isa = PBXBuildFile; fileRef = 44977CD72A741220006E1034 /* MapViewController.m */; };
		44CFEE0A2A89631000668998 /* CoreData.framework in Frameworks */ = {isa = PBXBuildFile; fileRef = 44CFEE092A89631000668998 /* CoreData.framework */; };
/* End PBXBuildFile section */

/* Begin PBXFileReference section */
		442F5B162A6ED4870089E298 /* Poi.m */ = {isa = PBXFileReference; lastKnownFileType = sourcecode.c.objc; path = Poi.m; sourceTree = "<group>"; };
		442F5B182A6ED4980089E298 /* Poi.h */ = {isa = PBXFileReference; lastKnownFileType = sourcecode.c.h; path = Poi.h; sourceTree = "<group>"; };
		442F5B1C2A6EDD170089E298 /* README.md */ = {isa = PBXFileReference; lastKnownFileType = net.daringfireball.markdown; path = README.md; sourceTree = "<group>"; };
		4453F4472A6D26150066FAEA /* PlaceReminder.app */ = {isa = PBXFileReference; explicitFileType = wrapper.application; includeInIndex = 0; path = PlaceReminder.app; sourceTree = BUILT_PRODUCTS_DIR; };
		4453F44A2A6D26150066FAEA /* AppDelegate.h */ = {isa = PBXFileReference; lastKnownFileType = sourcecode.c.h; path = AppDelegate.h; sourceTree = "<group>"; };
		4453F44B2A6D26150066FAEA /* AppDelegate.m */ = {isa = PBXFileReference; lastKnownFileType = sourcecode.c.objc; path = AppDelegate.m; sourceTree = "<group>"; };
		4453F44D2A6D26150066FAEA /* SceneDelegate.h */ = {isa = PBXFileReference; lastKnownFileType = sourcecode.c.h; path = SceneDelegate.h; sourceTree = "<group>"; };
		4453F44E2A6D26150066FAEA /* SceneDelegate.m */ = {isa = PBXFileReference; lastKnownFileType = sourcecode.c.objc; path = SceneDelegate.m; sourceTree = "<group>"; };
		4453F4502A6D26150066FAEA /* ViewController.h */ = {isa = PBXFileReference; lastKnownFileType = sourcecode.c.h; path = ViewController.h; sourceTree = "<group>"; };
		4453F4512A6D26150066FAEA /* ViewController.m */ = {isa = PBXFileReference; lastKnownFileType = sourcecode.c.objc; path = ViewController.m; sourceTree = "<group>"; };
		4453F4542A6D26150066FAEA /* Base */ = {isa = PBXFileReference; lastKnownFileType = file.storyboard; name = Base; path = Base.lproj/Main.storyboard; sourceTree = "<group>"; };
		4453F4562A6D26170066FAEA /* Assets.xcassets */ = {isa = PBXFileReference; lastKnownFileType = folder.assetcatalog; path = Assets.xcassets; sourceTree = "<group>"; };
		4453F4592A6D26170066FAEA /* Base */ = {isa = PBXFileReference; lastKnownFileType = file.storyboard; name = Base; path = Base.lproj/LaunchScreen.storyboard; sourceTree = "<group>"; };
		4453F45B2A6D26170066FAEA /* Info.plist */ = {isa = PBXFileReference; lastKnownFileType = text.plist.xml; path = Info.plist; sourceTree = "<group>"; };
		4453F45C2A6D26170066FAEA /* main.m */ = {isa = PBXFileReference; lastKnownFileType = sourcecode.c.objc; path = main.m; sourceTree = "<group>"; };
		4453F4642A6D27000066FAEA /* CoreLocation.framework */ = {isa = PBXFileReference; lastKnownFileType = wrapper.framework; name = CoreLocation.framework; path = System/Library/Frameworks/CoreLocation.framework; sourceTree = SDKROOT; };
		445547052A8CF3F9001BCCC8 /* TextFieldTableViewCell.m */ = {isa = PBXFileReference; lastKnownFileType = sourcecode.c.objc; path = TextFieldTableViewCell.m; sourceTree = "<group>"; };
		445547062A8CF3F9001BCCC8 /* TextFieldTableViewCell.xib */ = {isa = PBXFileReference; lastKnownFileType = file.xib; path = TextFieldTableViewCell.xib; sourceTree = "<group>"; };
		445547092A8D06F0001BCCC8 /* TextFieldTableViewCell.h */ = {isa = PBXFileReference; lastKnownFileType = sourcecode.c.h; path = TextFieldTableViewCell.h; sourceTree = "<group>"; };
		445547192A8D5677001BCCC8 /* CoreDataManager.h */ = {isa = PBXFileReference; lastKnownFileType = sourcecode.c.h; path = CoreDataManager.h; sourceTree = "<group>"; };
		4455471A2A8D5677001BCCC8 /* CoreDataManager.m */ = {isa = PBXFileReference; lastKnownFileType = sourcecode.c.objc; path = CoreDataManager.m; sourceTree = "<group>"; };
		445547212A8E996C001BCCC8 /* HomePageViewController.h */ = {isa = PBXFileReference; lastKnownFileType = sourcecode.c.h; path = HomePageViewController.h; sourceTree = "<group>"; };
		445547222A8E996C001BCCC8 /* HomePageViewController.m */ = {isa = PBXFileReference; lastKnownFileType = sourcecode.c.objc; path = HomePageViewController.m; sourceTree = "<group>"; };
		445547332A8FF632001BCCC8 /* PlaceMO+CoreDataProperties.h */ = {isa = PBXFileReference; lastKnownFileType = sourcecode.c.h; path = "PlaceMO+CoreDataProperties.h"; sourceTree = SOURCE_ROOT; };
		445547342A8FF632001BCCC8 /* PlaceMO+CoreDataClass.h */ = {isa = PBXFileReference; lastKnownFileType = sourcecode.c.h; path = "PlaceMO+CoreDataClass.h"; sourceTree = SOURCE_ROOT; };
		445547352A8FF632001BCCC8 /* PlaceMO+CoreDataClass.m */ = {isa = PBXFileReference; lastKnownFileType = sourcecode.c.objc; path = "PlaceMO+CoreDataClass.m"; sourceTree = SOURCE_ROOT; };
		445547362A8FF632001BCCC8 /* PlaceMO+CoreDataProperties.m */ = {isa = PBXFileReference; lastKnownFileType = sourcecode.c.objc; path = "PlaceMO+CoreDataProperties.m"; sourceTree = SOURCE_ROOT; };
		445547392A900022001BCCC8 /* MapAnnotation.h */ = {isa = PBXFileReference; lastKnownFileType = sourcecode.c.h; path = MapAnnotation.h; sourceTree = "<group>"; };
		4455473A2A900022001BCCC8 /* MapAnnotation.m */ = {isa = PBXFileReference; lastKnownFileType = sourcecode.c.objc; path = MapAnnotation.m; sourceTree = "<group>"; };
		44965E3F2A8BE8D90023146C /* AddNewPlaceTableViewController.h */ = {isa = PBXFileReference; lastKnownFileType = sourcecode.c.h; name = AddNewPlaceTableViewController.h; path = PlaceReminder/AddNewPlaceTableViewController.h; sourceTree = SOURCE_ROOT; };
		44965E402A8BE8D90023146C /* AddNewPlaceTableViewController.m */ = {isa = PBXFileReference; lastKnownFileType = sourcecode.c.objc; name = AddNewPlaceTableViewController.m; path = PlaceReminder/AddNewPlaceTableViewController.m; sourceTree = SOURCE_ROOT; };
		44977CD02A74040A006E1034 /* PlaceDetailsViewController.h */ = {isa = PBXFileReference; lastKnownFileType = sourcecode.c.h; path = PlaceDetailsViewController.h; sourceTree = "<group>"; };
		44977CD12A74040A006E1034 /* PlaceDetailsViewController.m */ = {isa = PBXFileReference; lastKnownFileType = sourcecode.c.objc; path = PlaceDetailsViewController.m; sourceTree = "<group>"; };
		44977CD62A741220006E1034 /* MapViewController.h */ = {isa = PBXFileReference; lastKnownFileType = sourcecode.c.h; path = MapViewController.h; sourceTree = "<group>"; };
		44977CD72A741220006E1034 /* MapViewController.m */ = {isa = PBXFileReference; lastKnownFileType = sourcecode.c.objc; path = MapViewController.m; sourceTree = "<group>"; };
		44CFEE072A89614E00668998 /* PlaceCoreDataModel.xcdatamodel */ = {isa = PBXFileReference; lastKnownFileType = wrapper.xcdatamodel; path = PlaceCoreDataModel.xcdatamodel; sourceTree = "<group>"; };
		44CFEE092A89631000668998 /* CoreData.framework */ = {isa = PBXFileReference; lastKnownFileType = wrapper.framework; name = CoreData.framework; path = System/Library/Frameworks/CoreData.framework; sourceTree = SDKROOT; };
/* End PBXFileReference section */

/* Begin PBXFrameworksBuildPhase section */
		4453F4442A6D26150066FAEA /* Frameworks */ = {
			isa = PBXFrameworksBuildPhase;
			buildActionMask = 2147483647;
			files = (
				4453F4652A6D27000066FAEA /* CoreLocation.framework in Frameworks */,
				44CFEE0A2A89631000668998 /* CoreData.framework in Frameworks */,
			);
			runOnlyForDeploymentPostprocessing = 0;
		};
/* End PBXFrameworksBuildPhase section */

/* Begin PBXGroup section */
		4453F43E2A6D26150066FAEA = {
			isa = PBXGroup;
			children = (
				44CFEE062A89614E00668998 /* PlaceCoreDataModel.xcdatamodeld */,
				442F5B1C2A6EDD170089E298 /* README.md */,
				4455471F2A8D65EE001BCCC8 /* DataModel */,
				4453F4672A6D2E190066FAEA /* Models */,
				4453F4662A6D2DFA0066FAEA /* Controllers */,
				4453F4492A6D26150066FAEA /* PlaceReminder */,
				4453F4482A6D26150066FAEA /* Products */,
				4453F4632A6D27000066FAEA /* Frameworks */,
			);
			sourceTree = "<group>";
		};
		4453F4482A6D26150066FAEA /* Products */ = {
			isa = PBXGroup;
			children = (
				4453F4472A6D26150066FAEA /* PlaceReminder.app */,
			);
			name = Products;
			sourceTree = "<group>";
		};
		4453F4492A6D26150066FAEA /* PlaceReminder */ = {
			isa = PBXGroup;
			children = (
				4453F44A2A6D26150066FAEA /* AppDelegate.h */,
				4453F44B2A6D26150066FAEA /* AppDelegate.m */,
				4453F44D2A6D26150066FAEA /* SceneDelegate.h */,
				4453F44E2A6D26150066FAEA /* SceneDelegate.m */,
				4453F4532A6D26150066FAEA /* Main.storyboard */,
				4453F4562A6D26170066FAEA /* Assets.xcassets */,
				4453F4582A6D26170066FAEA /* LaunchScreen.storyboard */,
				4453F45B2A6D26170066FAEA /* Info.plist */,
				4453F45C2A6D26170066FAEA /* main.m */,
			);
			path = PlaceReminder;
			sourceTree = "<group>";
		};
		4453F4632A6D27000066FAEA /* Frameworks */ = {
			isa = PBXGroup;
			children = (
				44CFEE092A89631000668998 /* CoreData.framework */,
				4453F4642A6D27000066FAEA /* CoreLocation.framework */,
			);
			name = Frameworks;
			sourceTree = "<group>";
		};
		4453F4662A6D2DFA0066FAEA /* Controllers */ = {
			isa = PBXGroup;
			children = (
				445547202A8D6610001BCCC8 /* TableViewCell */,
				44965E3F2A8BE8D90023146C /* AddNewPlaceTableViewController.h */,
				44965E402A8BE8D90023146C /* AddNewPlaceTableViewController.m */,
				44977CD62A741220006E1034 /* MapViewController.h */,
				44977CD72A741220006E1034 /* MapViewController.m */,
				44977CD02A74040A006E1034 /* PlaceDetailsViewController.h */,
				44977CD12A74040A006E1034 /* PlaceDetailsViewController.m */,
				4453F4502A6D26150066FAEA /* ViewController.h */,
				4453F4512A6D26150066FAEA /* ViewController.m */,
				445547212A8E996C001BCCC8 /* HomePageViewController.h */,
				445547222A8E996C001BCCC8 /* HomePageViewController.m */,
				445547392A900022001BCCC8 /* MapAnnotation.h */,
				4455473A2A900022001BCCC8 /* MapAnnotation.m */,
			);
			path = Controllers;
			sourceTree = "<group>";
		};
		4453F4672A6D2E190066FAEA /* Models */ = {
			isa = PBXGroup;
			children = (
				445547332A8FF632001BCCC8 /* PlaceMO+CoreDataProperties.h */,
				445547342A8FF632001BCCC8 /* PlaceMO+CoreDataClass.h */,
				445547352A8FF632001BCCC8 /* PlaceMO+CoreDataClass.m */,
				445547362A8FF632001BCCC8 /* PlaceMO+CoreDataProperties.m */,
				442F5B162A6ED4870089E298 /* Poi.m */,
				442F5B182A6ED4980089E298 /* Poi.h */,
			);
			path = Models;
			sourceTree = "<group>";
		};
		4455471F2A8D65EE001BCCC8 /* DataModel */ = {
			isa = PBXGroup;
			children = (
				445547192A8D5677001BCCC8 /* CoreDataManager.h */,
				4455471A2A8D5677001BCCC8 /* CoreDataManager.m */,
			);
			path = DataModel;
			sourceTree = "<group>";
		};
		445547202A8D6610001BCCC8 /* TableViewCell */ = {
			isa = PBXGroup;
			children = (
				445547052A8CF3F9001BCCC8 /* TextFieldTableViewCell.m */,
				445547062A8CF3F9001BCCC8 /* TextFieldTableViewCell.xib */,
				445547092A8D06F0001BCCC8 /* TextFieldTableViewCell.h */,
			);
			path = TableViewCell;
			sourceTree = "<group>";
		};
/* End PBXGroup section */

/* Begin PBXNativeTarget section */
		4453F4462A6D26150066FAEA /* PlaceReminder */ = {
			isa = PBXNativeTarget;
			buildConfigurationList = 4453F4602A6D26170066FAEA /* Build configuration list for PBXNativeTarget "PlaceReminder" */;
			buildPhases = (
				4453F4432A6D26150066FAEA /* Sources */,
				4453F4442A6D26150066FAEA /* Frameworks */,
				4453F4452A6D26150066FAEA /* Resources */,
			);
			buildRules = (
			);
			dependencies = (
			);
			name = PlaceReminder;
			productName = PlaceReminder;
			productReference = 4453F4472A6D26150066FAEA /* PlaceReminder.app */;
			productType = "com.apple.product-type.application";
		};
/* End PBXNativeTarget section */

/* Begin PBXProject section */
		4453F43F2A6D26150066FAEA /* Project object */ = {
			isa = PBXProject;
			attributes = {
				BuildIndependentTargetsInParallel = 1;
				KnownAssetTags = (
					1,
					100,
					101,
				);
				LastUpgradeCheck = 1430;
				TargetAttributes = {
					4453F4462A6D26150066FAEA = {
						CreatedOnToolsVersion = 14.3.1;
					};
				};
			};
			buildConfigurationList = 4453F4422A6D26150066FAEA /* Build configuration list for PBXProject "PlaceReminder" */;
			compatibilityVersion = "Xcode 14.0";
			developmentRegion = en;
			hasScannedForEncodings = 0;
			knownRegions = (
				en,
				Base,
			);
			mainGroup = 4453F43E2A6D26150066FAEA;
			productRefGroup = 4453F4482A6D26150066FAEA /* Products */;
			projectDirPath = "";
			projectRoot = "";
			targets = (
				4453F4462A6D26150066FAEA /* PlaceReminder */,
			);
		};
/* End PBXProject section */

/* Begin PBXResourcesBuildPhase section */
		4453F4452A6D26150066FAEA /* Resources */ = {
			isa = PBXResourcesBuildPhase;
			buildActionMask = 2147483647;
			files = (
				4455471E2A8D5E93001BCCC8 /* PlaceCoreDataModel.xcdatamodeld in Resources */,
				4453F45A2A6D26170066FAEA /* LaunchScreen.storyboard in Resources */,
				4453F4572A6D26170066FAEA /* Assets.xcassets in Resources */,
				4453F4552A6D26150066FAEA /* Main.storyboard in Resources */,
				445547082A8CF3F9001BCCC8 /* TextFieldTableViewCell.xib in Resources */,
			);
			runOnlyForDeploymentPostprocessing = 0;
		};
/* End PBXResourcesBuildPhase section */

/* Begin PBXSourcesBuildPhase section */
		4453F4432A6D26150066FAEA /* Sources */ = {
			isa = PBXSourcesBuildPhase;
			buildActionMask = 2147483647;
			files = (
				4453F4522A6D26150066FAEA /* ViewController.m in Sources */,
				44977CD22A74040A006E1034 /* PlaceDetailsViewController.m in Sources */,
				44977CD82A741220006E1034 /* MapViewController.m in Sources */,
				445547382A8FF632001BCCC8 /* PlaceMO+CoreDataProperties.m in Sources */,
				445547232A8E996C001BCCC8 /* HomePageViewController.m in Sources */,
				4453F44C2A6D26150066FAEA /* AppDelegate.m in Sources */,
				442F5B172A6ED4870089E298 /* Poi.m in Sources */,
				4453F45D2A6D26170066FAEA /* main.m in Sources */,
				445547372A8FF632001BCCC8 /* PlaceMO+CoreDataClass.m in Sources */,
				4455471B2A8D5677001BCCC8 /* CoreDataManager.m in Sources */,
				4453F44F2A6D26150066FAEA /* SceneDelegate.m in Sources */,
				44965E412A8BE8D90023146C /* AddNewPlaceTableViewController.m in Sources */,
				445547072A8CF3F9001BCCC8 /* TextFieldTableViewCell.m in Sources */,
				4455473B2A900022001BCCC8 /* MapAnnotation.m in Sources */,
			);
			runOnlyForDeploymentPostprocessing = 0;
		};
/* End PBXSourcesBuildPhase section */

/* Begin PBXVariantGroup section */
		4453F4532A6D26150066FAEA /* Main.storyboard */ = {
			isa = PBXVariantGroup;
			children = (
				4453F4542A6D26150066FAEA /* Base */,
			);
			name = Main.storyboard;
			sourceTree = "<group>";
		};
		4453F4582A6D26170066FAEA /* LaunchScreen.storyboard */ = {
			isa = PBXVariantGroup;
			children = (
				4453F4592A6D26170066FAEA /* Base */,
			);
			name = LaunchScreen.storyboard;
			sourceTree = "<group>";
		};
/* End PBXVariantGroup section */

/* Begin XCBuildConfiguration section */
		4453F45E2A6D26170066FAEA /* Debug */ = {
			isa = XCBuildConfiguration;
			buildSettings = {
				ALWAYS_SEARCH_USER_PATHS = NO;
				CLANG_ANALYZER_NONNULL = YES;
				CLANG_ANALYZER_NUMBER_OBJECT_CONVERSION = YES_AGGRESSIVE;
				CLANG_CXX_LANGUAGE_STANDARD = "gnu++20";
				CLANG_ENABLE_MODULES = YES;
				CLANG_ENABLE_OBJC_ARC = YES;
				CLANG_ENABLE_OBJC_WEAK = YES;
				CLANG_WARN_BLOCK_CAPTURE_AUTORELEASING = YES;
				CLANG_WARN_BOOL_CONVERSION = YES;
				CLANG_WARN_COMMA = YES;
				CLANG_WARN_CONSTANT_CONVERSION = YES;
				CLANG_WARN_DEPRECATED_OBJC_IMPLEMENTATIONS = YES;
				CLANG_WARN_DIRECT_OBJC_ISA_USAGE = YES_ERROR;
				CLANG_WARN_DOCUMENTATION_COMMENTS = YES;
				CLANG_WARN_EMPTY_BODY = YES;
				CLANG_WARN_ENUM_CONVERSION = YES;
				CLANG_WARN_INFINITE_RECURSION = YES;
				CLANG_WARN_INT_CONVERSION = YES;
				CLANG_WARN_NON_LITERAL_NULL_CONVERSION = YES;
				CLANG_WARN_OBJC_IMPLICIT_RETAIN_SELF = YES;
				CLANG_WARN_OBJC_LITERAL_CONVERSION = YES;
				CLANG_WARN_OBJC_ROOT_CLASS = YES_ERROR;
				CLANG_WARN_QUOTED_INCLUDE_IN_FRAMEWORK_HEADER = YES;
				CLANG_WARN_RANGE_LOOP_ANALYSIS = YES;
				CLANG_WARN_STRICT_PROTOTYPES = YES;
				CLANG_WARN_SUSPICIOUS_MOVE = YES;
				CLANG_WARN_UNGUARDED_AVAILABILITY = YES_AGGRESSIVE;
				CLANG_WARN_UNREACHABLE_CODE = YES;
				CLANG_WARN__DUPLICATE_METHOD_MATCH = YES;
				COPY_PHASE_STRIP = NO;
				DEBUG_INFORMATION_FORMAT = dwarf;
				ENABLE_STRICT_OBJC_MSGSEND = YES;
				ENABLE_TESTABILITY = YES;
				GCC_C_LANGUAGE_STANDARD = gnu11;
				GCC_DYNAMIC_NO_PIC = NO;
				GCC_NO_COMMON_BLOCKS = YES;
				GCC_OPTIMIZATION_LEVEL = 0;
				GCC_PREPROCESSOR_DEFINITIONS = (
					"DEBUG=1",
					"$(inherited)",
				);
				GCC_WARN_64_TO_32_BIT_CONVERSION = YES;
				GCC_WARN_ABOUT_RETURN_TYPE = YES_ERROR;
				GCC_WARN_UNDECLARED_SELECTOR = YES;
				GCC_WARN_UNINITIALIZED_AUTOS = YES_AGGRESSIVE;
				GCC_WARN_UNUSED_FUNCTION = YES;
				GCC_WARN_UNUSED_VARIABLE = YES;
				IPHONEOS_DEPLOYMENT_TARGET = 16.4;
				MTL_ENABLE_DEBUG_INFO = INCLUDE_SOURCE;
				MTL_FAST_MATH = YES;
				ONLY_ACTIVE_ARCH = YES;
				SDKROOT = iphoneos;
			};
			name = Debug;
		};
		4453F45F2A6D26170066FAEA /* Release */ = {
			isa = XCBuildConfiguration;
			buildSettings = {
				ALWAYS_SEARCH_USER_PATHS = NO;
				CLANG_ANALYZER_NONNULL = YES;
				CLANG_ANALYZER_NUMBER_OBJECT_CONVERSION = YES_AGGRESSIVE;
				CLANG_CXX_LANGUAGE_STANDARD = "gnu++20";
				CLANG_ENABLE_MODULES = YES;
				CLANG_ENABLE_OBJC_ARC = YES;
				CLANG_ENABLE_OBJC_WEAK = YES;
				CLANG_WARN_BLOCK_CAPTURE_AUTORELEASING = YES;
				CLANG_WARN_BOOL_CONVERSION = YES;
				CLANG_WARN_COMMA = YES;
				CLANG_WARN_CONSTANT_CONVERSION = YES;
				CLANG_WARN_DEPRECATED_OBJC_IMPLEMENTATIONS = YES;
				CLANG_WARN_DIRECT_OBJC_ISA_USAGE = YES_ERROR;
				CLANG_WARN_DOCUMENTATION_COMMENTS = YES;
				CLANG_WARN_EMPTY_BODY = YES;
				CLANG_WARN_ENUM_CONVERSION = YES;
				CLANG_WARN_INFINITE_RECURSION = YES;
				CLANG_WARN_INT_CONVERSION = YES;
				CLANG_WARN_NON_LITERAL_NULL_CONVERSION = YES;
				CLANG_WARN_OBJC_IMPLICIT_RETAIN_SELF = YES;
				CLANG_WARN_OBJC_LITERAL_CONVERSION = YES;
				CLANG_WARN_OBJC_ROOT_CLASS = YES_ERROR;
				CLANG_WARN_QUOTED_INCLUDE_IN_FRAMEWORK_HEADER = YES;
				CLANG_WARN_RANGE_LOOP_ANALYSIS = YES;
				CLANG_WARN_STRICT_PROTOTYPES = YES;
				CLANG_WARN_SUSPICIOUS_MOVE = YES;
				CLANG_WARN_UNGUARDED_AVAILABILITY = YES_AGGRESSIVE;
				CLANG_WARN_UNREACHABLE_CODE = YES;
				CLANG_WARN__DUPLICATE_METHOD_MATCH = YES;
				COPY_PHASE_STRIP = NO;
				DEBUG_INFORMATION_FORMAT = "dwarf-with-dsym";
				ENABLE_NS_ASSERTIONS = NO;
				ENABLE_STRICT_OBJC_MSGSEND = YES;
				GCC_C_LANGUAGE_STANDARD = gnu11;
				GCC_NO_COMMON_BLOCKS = YES;
				GCC_WARN_64_TO_32_BIT_CONVERSION = YES;
				GCC_WARN_ABOUT_RETURN_TYPE = YES_ERROR;
				GCC_WARN_UNDECLARED_SELECTOR = YES;
				GCC_WARN_UNINITIALIZED_AUTOS = YES_AGGRESSIVE;
				GCC_WARN_UNUSED_FUNCTION = YES;
				GCC_WARN_UNUSED_VARIABLE = YES;
				IPHONEOS_DEPLOYMENT_TARGET = 16.4;
				MTL_ENABLE_DEBUG_INFO = NO;
				MTL_FAST_MATH = YES;
				SDKROOT = iphoneos;
				VALIDATE_PRODUCT = YES;
			};
			name = Release;
		};
		4453F4612A6D26170066FAEA /* Debug */ = {
			isa = XCBuildConfiguration;
			buildSettings = {
				ASSETCATALOG_COMPILER_APPICON_NAME = AppIcon;
				ASSETCATALOG_COMPILER_GLOBAL_ACCENT_COLOR_NAME = AccentColor;
				ASSETCATALOG_COMPILER_INCLUDE_ALL_APPICON_ASSETS = NO;
				CODE_SIGN_STYLE = Automatic;
				CURRENT_PROJECT_VERSION = 1;
				DEVELOPMENT_TEAM = 68Y9TBWBN5;
				GENERATE_INFOPLIST_FILE = YES;
				INFOPLIST_FILE = PlaceReminder/Info.plist;
				INFOPLIST_KEY_CFBundleDisplayName = PlaceRemider;
				INFOPLIST_KEY_LSApplicationCategoryType = "public.app-category.travel";
				INFOPLIST_KEY_NSLocationWhenInUseUsageDescription = "Posizione utente richiesta per la ricezione di notifiche relative alla vicinanza con i tuoi posti preferiti";
				INFOPLIST_KEY_UIApplicationSupportsIndirectInputEvents = YES;
				INFOPLIST_KEY_UILaunchStoryboardName = LaunchScreen;
				INFOPLIST_KEY_UIMainStoryboardFile = Main;
				INFOPLIST_KEY_UIRequiredDeviceCapabilities = "location-services";
				INFOPLIST_KEY_UISupportedInterfaceOrientations = UIInterfaceOrientationPortrait;
				LD_RUNPATH_SEARCH_PATHS = (
					"$(inherited)",
					"@executable_path/Frameworks",
				);
				MARKETING_VERSION = 1.0;
				PRODUCT_BUNDLE_IDENTIFIER = com.giorcocc.ios.PlaceReminder;
				PRODUCT_NAME = "$(TARGET_NAME)";
				SWIFT_EMIT_LOC_STRINGS = YES;
				TARGETED_DEVICE_FAMILY = "1,2";
			};
			name = Debug;
		};
		4453F4622A6D26170066FAEA /* Release */ = {
			isa = XCBuildConfiguration;
			buildSettings = {
				ASSETCATALOG_COMPILER_APPICON_NAME = AppIcon;
				ASSETCATALOG_COMPILER_GLOBAL_ACCENT_COLOR_NAME = AccentColor;
				ASSETCATALOG_COMPILER_INCLUDE_ALL_APPICON_ASSETS = NO;
				CODE_SIGN_STYLE = Automatic;
				CURRENT_PROJECT_VERSION = 1;
				DEVELOPMENT_TEAM = 68Y9TBWBN5;
				GENERATE_INFOPLIST_FILE = YES;
				INFOPLIST_FILE = PlaceReminder/Info.plist;
				INFOPLIST_KEY_CFBundleDisplayName = PlaceRemider;
				INFOPLIST_KEY_LSApplicationCategoryType = "public.app-category.travel";
				INFOPLIST_KEY_NSLocationWhenInUseUsageDescription = "Posizione utente richiesta per la ricezione di notifiche relative alla vicinanza con i tuoi posti preferiti";
				INFOPLIST_KEY_UIApplicationSupportsIndirectInputEvents = YES;
				INFOPLIST_KEY_UILaunchStoryboardName = LaunchScreen;
				INFOPLIST_KEY_UIMainStoryboardFile = Main;
				INFOPLIST_KEY_UIRequiredDeviceCapabilities = "location-services";
				INFOPLIST_KEY_UISupportedInterfaceOrientations = UIInterfaceOrientationPortrait;
				LD_RUNPATH_SEARCH_PATHS = (
					"$(inherited)",
					"@executable_path/Frameworks",
				);
				MARKETING_VERSION = 1.0;
				PRODUCT_BUNDLE_IDENTIFIER = com.giorcocc.ios.PlaceReminder;
				PRODUCT_NAME = "$(TARGET_NAME)";
				SWIFT_EMIT_LOC_STRINGS = YES;
				TARGETED_DEVICE_FAMILY = "1,2";
			};
			name = Release;
		};
/* End XCBuildConfiguration section */

/* Begin XCConfigurationList section */
		4453F4422A6D26150066FAEA /* Build configuration list for PBXProject "PlaceReminder" */ = {
			isa = XCConfigurationList;
			buildConfigurations = (
				4453F45E2A6D26170066FAEA /* Debug */,
				4453F45F2A6D26170066FAEA /* Release */,
			);
			defaultConfigurationIsVisible = 0;
			defaultConfigurationName = Release;
		};
		4453F4602A6D26170066FAEA /* Build configuration list for PBXNativeTarget "PlaceReminder" */ = {
			isa = XCConfigurationList;
			buildConfigurations = (
				4453F4612A6D26170066FAEA /* Debug */,
				4453F4622A6D26170066FAEA /* Release */,
			);
			defaultConfigurationIsVisible = 0;
			defaultConfigurationName = Release;
		};
/* End XCConfigurationList section */

/* Begin XCVersionGroup section */
		44CFEE062A89614E00668998 /* PlaceCoreDataModel.xcdatamodeld */ = {
			isa = XCVersionGroup;
			children = (
				44CFEE072A89614E00668998 /* PlaceCoreDataModel.xcdatamodel */,
			);
			currentVersion = 44CFEE072A89614E00668998 /* PlaceCoreDataModel.xcdatamodel */;
			path = PlaceCoreDataModel.xcdatamodeld;
			sourceTree = "<group>";
			versionGroupType = wrapper.xcdatamodel;
		};
/* End XCVersionGroup section */
	};
	rootObject = 4453F43F2A6D26150066FAEA /* Project object */;
}
